
Microsoft Visual Studio Solution File, Format Version 12.00
# Visual Studio 15
VisualStudioVersion = 15.0.28307.136
MinimumVisualStudioVersion = 10.0.40219.1
Project("{8BC9CEB8-8B4A-11D0-8D11-00A0C91BC942}") = "Draaischijf", "Draaischijf\Draaischijf.vcxproj", "{C5F80730-F44F-4478-BDAE-6634EFC2CA88}"
EndProject
Project("{8BC9CEB8-8B4A-11D0-8D11-00A0C91BC942}") = "DeKoder", "DeKoder\DeKoder.vcxproj", "{ADFDEA24-9D33-4FE9-9BF3-3177C7DEA20E}"
EndProject
Project("{8BC9CEB8-8B4A-11D0-8D11-00A0C91BC942}") = "WMServo", "WMServo\WMServo.vcxproj", "{D55B90D7-E8D9-4F65-936F-7B4E24FBEEBB}"
EndProject
Project("{8BC9CEB8-8B4A-11D0-8D11-00A0C91BC942}") = "TreinLift", "TreinLift\TreinLift.vcxproj", "{8A3BCC8F-E9AA-46A9-AD42-9A10CDFEF44F}"
EndProject
Project("{8BC9CEB8-8B4A-11D0-8D11-00A0C91BC942}") = "Adafruit_SSD1306-2.1.0", "Libraries\Adafruit_SSD1306\2.1.0\Adafruit_SSD1306\Adafruit_SSD1306-2.1.0.vcxitems", "{8285355F-2B54-408A-95A4-DF183AB788E4}"
EndProject
Project("{8BC9CEB8-8B4A-11D0-8D11-00A0C91BC942}") = "Adafruit_GFX_Library-1.7.5", "Libraries\Adafruit_GFX_Library\1.7.5\Adafruit_GFX_Library\Adafruit_GFX_Library-1.7.5.vcxitems", "{6F6C8F01-0FA7-4ED9-AFFB-293FCEDB64C4}"
EndProject
Project("{8BC9CEB8-8B4A-11D0-8D11-00A0C91BC942}") = "Wire-1.0", "Libraries\Wire\1.0\Wire\Wire-1.0.vcxitems", "{7D94BBEB-DE9D-4CD9-A55A-EEFB4A7BC76A}"
EndProject
Project("{8BC9CEB8-8B4A-11D0-8D11-00A0C91BC942}") = "EEPROM-2.0", "Libraries\EEPROM\2.0\EEPROM\EEPROM-2.0.vcxitems", "{DAC638CE-76E4-4632-86DB-0744F8C7BB1A}"
EndProject
Project("{8BC9CEB8-8B4A-11D0-8D11-00A0C91BC942}") = "TurN", "TurN\TurN.vcxproj", "{610D6C63-4B7C-45C3-ADD3-8C283439684F}"
EndProject
Global
	GlobalSection(SharedMSBuildProjectFiles) = preSolution
		Libraries\Adafruit_GFX_Library\1.7.5\Adafruit_GFX_Library\Adafruit_GFX_Library-1.7.5.vcxitems*{6f6c8f01-0fa7-4ed9-affb-293fcedb64c4}*SharedItemsImports = 9
		Libraries\Wire\1.0\Wire\Wire-1.0.vcxitems*{7d94bbeb-de9d-4cd9-a55a-eefb4a7bc76a}*SharedItemsImports = 9
		Libraries\Adafruit_SSD1306\2.1.0\Adafruit_SSD1306\Adafruit_SSD1306-2.1.0.vcxitems*{8285355f-2b54-408a-95a4-df183ab788e4}*SharedItemsImports = 9
		Libraries\Adafruit_GFX_Library\1.7.5\Adafruit_GFX_Library\Adafruit_GFX_Library-1.7.5.vcxitems*{8a3bcc8f-e9aa-46a9-ad42-9a10cdfef44f}*SharedItemsImports = 4
		Libraries\Adafruit_SSD1306\2.1.0\Adafruit_SSD1306\Adafruit_SSD1306-2.1.0.vcxitems*{8a3bcc8f-e9aa-46a9-ad42-9a10cdfef44f}*SharedItemsImports = 4
		Libraries\EEPROM\2.0\EEPROM\EEPROM-2.0.vcxitems*{8a3bcc8f-e9aa-46a9-ad42-9a10cdfef44f}*SharedItemsImports = 4
		Libraries\Wire\1.0\Wire\Wire-1.0.vcxitems*{8a3bcc8f-e9aa-46a9-ad42-9a10cdfef44f}*SharedItemsImports = 4
		Libraries\EEPROM\2.0\EEPROM\EEPROM-2.0.vcxitems*{dac638ce-76e4-4632-86db-0744f8c7bb1a}*SharedItemsImports = 9
	EndGlobalSection
	GlobalSection(SolutionConfigurationPlatforms) = preSolution
		Debug|x86 = Debug|x86
		Release|x86 = Release|x86
	EndGlobalSection
	GlobalSection(ProjectConfigurationPlatforms) = postSolution
		{C5F80730-F44F-4478-BDAE-6634EFC2CA88}.Debug|x86.ActiveCfg = Debug|Win32
		{C5F80730-F44F-4478-BDAE-6634EFC2CA88}.Debug|x86.Build.0 = Debug|Win32
		{C5F80730-F44F-4478-BDAE-6634EFC2CA88}.Release|x86.ActiveCfg = Release|Win32
		{C5F80730-F44F-4478-BDAE-6634EFC2CA88}.Release|x86.Build.0 = Release|Win32
		{ADFDEA24-9D33-4FE9-9BF3-3177C7DEA20E}.Debug|x86.ActiveCfg = Debug|Win32
		{ADFDEA24-9D33-4FE9-9BF3-3177C7DEA20E}.Debug|x86.Build.0 = Debug|Win32
		{ADFDEA24-9D33-4FE9-9BF3-3177C7DEA20E}.Release|x86.ActiveCfg = Release|Win32
		{ADFDEA24-9D33-4FE9-9BF3-3177C7DEA20E}.Release|x86.Build.0 = Release|Win32
		{D55B90D7-E8D9-4F65-936F-7B4E24FBEEBB}.Debug|x86.ActiveCfg = Debug|Win32
		{D55B90D7-E8D9-4F65-936F-7B4E24FBEEBB}.Debug|x86.Build.0 = Debug|Win32
		{D55B90D7-E8D9-4F65-936F-7B4E24FBEEBB}.Release|x86.ActiveCfg = Release|Win32
		{D55B90D7-E8D9-4F65-936F-7B4E24FBEEBB}.Release|x86.Build.0 = Release|Win32
		{8A3BCC8F-E9AA-46A9-AD42-9A10CDFEF44F}.Debug|x86.ActiveCfg = Debug|Win32
		{8A3BCC8F-E9AA-46A9-AD42-9A10CDFEF44F}.Debug|x86.Build.0 = Debug|Win32
		{8A3BCC8F-E9AA-46A9-AD42-9A10CDFEF44F}.Release|x86.ActiveCfg = Release|Win32
		{8A3BCC8F-E9AA-46A9-AD42-9A10CDFEF44F}.Release|x86.Build.0 = Release|Win32
		{610D6C63-4B7C-45C3-ADD3-8C283439684F}.Debug|x86.ActiveCfg = Debug|Win32
		{610D6C63-4B7C-45C3-ADD3-8C283439684F}.Debug|x86.Build.0 = Debug|Win32
		{610D6C63-4B7C-45C3-ADD3-8C283439684F}.Release|x86.ActiveCfg = Release|Win32
		{610D6C63-4B7C-45C3-ADD3-8C283439684F}.Release|x86.Build.0 = Release|Win32
	EndGlobalSection
	GlobalSection(SolutionProperties) = preSolution
		HideSolutionNode = FALSE
	EndGlobalSection
	GlobalSection(ExtensibilityGlobals) = postSolution
		SolutionGuid = {101C28CC-E48E-449A-8E22-DF1EAA456AEF}
	EndGlobalSection
EndGlobal
